
Microsoft Visual Studio Solution File, Format Version 10.00
# Visual Studio 2008
Project("{8BC9CEB8-8B4A-11D0-8D11-00A0C91BC942}") = "pcap2bin", "pcap2bin\pcap2bin.vcproj", "{2B1A889D-1ECE-446D-A10E-6F021C3E7B42}"
EndProject
Global
	GlobalSection(SolutionConfigurationPlatforms) = preSolution
		Debug|Win32 = Debug|Win32
		Release|Win32 = Release|Win32
	EndGlobalSection
	GlobalSection(ProjectConfigurationPlatforms) = postSolution
		{2B1A889D-1ECE-446D-A10E-6F021C3E7B42}.Debug|Win32.ActiveCfg = Debug|Win32
		{2B1A889D-1ECE-446D-A10E-6F021C3E7B42}.Debug|Win32.Build.0 = Debug|Win32
		{2B1A889D-1ECE-446D-A10E-6F021C3E7B42}.Release|Win32.ActiveCfg = Release|Win32
		{2B1A889D-1ECE-446D-A10E-6F021C3E7B42}.Release|Win32.Build.0 = Release|Win32
	EndGlobalSection
	GlobalSection(SolutionProperties) = preSolution
		HideSolutionNode = FALSE
	EndGlobalSection
EndGlobal
